// !$*UTF8*$!
{
	archiveVersion = 1;
	classes = {
	};
	objectVersion = 46;
	objects = {

/* Begin PBXBuildFile section */
		A4FF11ED5E20DCB22948F09C /* Pods_clinicadelvalle.framework in Frameworks */ = {isa = PBXBuildFile; fileRef = 817058AA3E05D5DC6AA2C38E /* Pods_clinicadelvalle.framework */; settings = {ATTRIBUTES = (Weak, ); }; };
		CE0BF7261AB945DF006689F0 /* AuthenticationManager.swift in Sources */ = {isa = PBXBuildFile; fileRef = CE0BF7251AB945DF006689F0 /* AuthenticationManager.swift */; };
		CE62B02E1AB939C400D64C04 /* AppDelegate.swift in Sources */ = {isa = PBXBuildFile; fileRef = CE62B02D1AB939C400D64C04 /* AppDelegate.swift */; };
		CE62B0301AB939C400D64C04 /* ViewController.swift in Sources */ = {isa = PBXBuildFile; fileRef = CE62B02F1AB939C400D64C04 /* ViewController.swift */; };
		CE62B0331AB939C400D64C04 /* Main.storyboard in Resources */ = {isa = PBXBuildFile; fileRef = CE62B0311AB939C400D64C04 /* Main.storyboard */; };
		CE62B0351AB939C400D64C04 /* Images.xcassets in Resources */ = {isa = PBXBuildFile; fileRef = CE62B0341AB939C400D64C04 /* Images.xcassets */; };
		CE62B0381AB939C400D64C04 /* LaunchScreen.xib in Resources */ = {isa = PBXBuildFile; fileRef = CE62B0361AB939C400D64C04 /* LaunchScreen.xib */; };
		CE62B0441AB939C400D64C04 /* clinicadelvalleTests.swift in Sources */ = {isa = PBXBuildFile; fileRef = CE62B0431AB939C400D64C04 /* clinicadelvalleTests.swift */; };
		CE62B0541AB93D4500D64C04 /* GlobalConstants.swift in Sources */ = {isa = PBXBuildFile; fileRef = CE62B0531AB93D4500D64C04 /* GlobalConstants.swift */; };
/* End PBXBuildFile section */

/* Begin PBXContainerItemProxy section */
		CE62B03E1AB939C400D64C04 /* PBXContainerItemProxy */ = {
			isa = PBXContainerItemProxy;
			containerPortal = CE62B0201AB939C400D64C04 /* Project object */;
			proxyType = 1;
			remoteGlobalIDString = CE62B0271AB939C400D64C04;
			remoteInfo = clinicadelvalle;
		};
/* End PBXContainerItemProxy section */

/* Begin PBXFileReference section */
		817058AA3E05D5DC6AA2C38E /* Pods_clinicadelvalle.framework */ = {isa = PBXFileReference; explicitFileType = wrapper.framework; includeInIndex = 0; path = Pods_clinicadelvalle.framework; sourceTree = BUILT_PRODUCTS_DIR; };
		CE0BF7251AB945DF006689F0 /* AuthenticationManager.swift */ = {isa = PBXFileReference; fileEncoding = 4; lastKnownFileType = sourcecode.swift; name = AuthenticationManager.swift; path = Views/API/AuthenticationManager.swift; sourceTree = "<group>"; };
		CE62B0281AB939C400D64C04 /* clinicadelvalle.app */ = {isa = PBXFileReference; explicitFileType = wrapper.application; includeInIndex = 0; path = clinicadelvalle.app; sourceTree = BUILT_PRODUCTS_DIR; };
		CE62B02C1AB939C400D64C04 /* Info.plist */ = {isa = PBXFileReference; lastKnownFileType = text.plist.xml; path = Info.plist; sourceTree = "<group>"; };
		CE62B02D1AB939C400D64C04 /* AppDelegate.swift */ = {isa = PBXFileReference; lastKnownFileType = sourcecode.swift; path = AppDelegate.swift; sourceTree = "<group>"; };
		CE62B02F1AB939C400D64C04 /* ViewController.swift */ = {isa = PBXFileReference; lastKnownFileType = sourcecode.swift; path = ViewController.swift; sourceTree = "<group>"; };
		CE62B0321AB939C400D64C04 /* Base */ = {isa = PBXFileReference; lastKnownFileType = file.storyboard; name = Base; path = Base.lproj/Main.storyboard; sourceTree = "<group>"; };
		CE62B0341AB939C400D64C04 /* Images.xcassets */ = {isa = PBXFileReference; lastKnownFileType = folder.assetcatalog; path = Images.xcassets; sourceTree = "<group>"; };
		CE62B0371AB939C400D64C04 /* Base */ = {isa = PBXFileReference; lastKnownFileType = file.xib; name = Base; path = Base.lproj/LaunchScreen.xib; sourceTree = "<group>"; };
		CE62B03D1AB939C400D64C04 /* clinicadelvalleTests.xctest */ = {isa = PBXFileReference; explicitFileType = wrapper.cfbundle; includeInIndex = 0; path = clinicadelvalleTests.xctest; sourceTree = BUILT_PRODUCTS_DIR; };
		CE62B0421AB939C400D64C04 /* Info.plist */ = {isa = PBXFileReference; lastKnownFileType = text.plist.xml; path = Info.plist; sourceTree = "<group>"; };
		CE62B0431AB939C400D64C04 /* clinicadelvalleTests.swift */ = {isa = PBXFileReference; lastKnownFileType = sourcecode.swift; path = clinicadelvalleTests.swift; sourceTree = "<group>"; };
		CE62B0531AB93D4500D64C04 /* GlobalConstants.swift */ = {isa = PBXFileReference; fileEncoding = 4; lastKnownFileType = sourcecode.swift; name = GlobalConstants.swift; path = "Supporting Files/GlobalConstants.swift"; sourceTree = "<group>"; };
		D551F7248A3B119DB0913235 /* Pods-clinicadelvalle.release.xcconfig */ = {isa = PBXFileReference; includeInIndex = 1; lastKnownFileType = text.xcconfig; name = "Pods-clinicadelvalle.release.xcconfig"; path = "Pods/Target Support Files/Pods-clinicadelvalle/Pods-clinicadelvalle.release.xcconfig"; sourceTree = "<group>"; };
		E5946075E0705DCDF633FE3A /* Pods-clinicadelvalle.debug.xcconfig */ = {isa = PBXFileReference; includeInIndex = 1; lastKnownFileType = text.xcconfig; name = "Pods-clinicadelvalle.debug.xcconfig"; path = "Pods/Target Support Files/Pods-clinicadelvalle/Pods-clinicadelvalle.debug.xcconfig"; sourceTree = "<group>"; };
/* End PBXFileReference section */

/* Begin PBXFrameworksBuildPhase section */
		CE62B0251AB939C400D64C04 /* Frameworks */ = {
			isa = PBXFrameworksBuildPhase;
			buildActionMask = 2147483647;
			files = (
				A4FF11ED5E20DCB22948F09C /* Pods_clinicadelvalle.framework in Frameworks */,
			);
			runOnlyForDeploymentPostprocessing = 0;
		};
		CE62B03A1AB939C400D64C04 /* Frameworks */ = {
			isa = PBXFrameworksBuildPhase;
			buildActionMask = 2147483647;
			files = (
			);
			runOnlyForDeploymentPostprocessing = 0;
		};
/* End PBXFrameworksBuildPhase section */

/* Begin PBXGroup section */
		5E5B304F9ED787B5B44DA910 /* Frameworks */ = {
			isa = PBXGroup;
			children = (
				817058AA3E05D5DC6AA2C38E /* Pods_clinicadelvalle.framework */,
			);
			name = Frameworks;
			sourceTree = "<group>";
		};
		6DCC005B39CC7434E29CD70A /* Pods */ = {
			isa = PBXGroup;
			children = (
				E5946075E0705DCDF633FE3A /* Pods-clinicadelvalle.debug.xcconfig */,
				D551F7248A3B119DB0913235 /* Pods-clinicadelvalle.release.xcconfig */,
			);
			name = Pods;
			sourceTree = "<group>";
		};
		CE62B01F1AB939C400D64C04 = {
			isa = PBXGroup;
			children = (
				CE62B02A1AB939C400D64C04 /* clinicadelvalle */,
				CE62B0401AB939C400D64C04 /* clinicadelvalleTests */,
				CE62B0291AB939C400D64C04 /* Products */,
				6DCC005B39CC7434E29CD70A /* Pods */,
				5E5B304F9ED787B5B44DA910 /* Frameworks */,
			);
			sourceTree = "<group>";
		};
		CE62B0291AB939C400D64C04 /* Products */ = {
			isa = PBXGroup;
			children = (
				CE62B0281AB939C400D64C04 /* clinicadelvalle.app */,
				CE62B03D1AB939C400D64C04 /* clinicadelvalleTests.xctest */,
			);
			name = Products;
			sourceTree = "<group>";
		};
		CE62B02A1AB939C400D64C04 /* clinicadelvalle */ = {
			isa = PBXGroup;
			children = (
				CE8FCA051AB9445D003DA0DE /* Models */,
				CE62B04D1AB93A4500D64C04 /* Views */,
				CE62B0521AB93CFE00D64C04 /* Controllers */,
				CE62B0341AB939C400D64C04 /* Images.xcassets */,
				CE62B02B1AB939C400D64C04 /* Supporting Files */,
			);
			path = clinicadelvalle;
			sourceTree = "<group>";
		};
		CE62B02B1AB939C400D64C04 /* Supporting Files */ = {
			isa = PBXGroup;
			children = (
				CE62B02C1AB939C400D64C04 /* Info.plist */,
				CE62B0531AB93D4500D64C04 /* GlobalConstants.swift */,
			);
			name = "Supporting Files";
			sourceTree = "<group>";
		};
		CE62B0401AB939C400D64C04 /* clinicadelvalleTests */ = {
			isa = PBXGroup;
			children = (
				CE62B0431AB939C400D64C04 /* clinicadelvalleTests.swift */,
				CE62B0411AB939C400D64C04 /* Supporting Files */,
			);
			path = clinicadelvalleTests;
			sourceTree = "<group>";
		};
		CE62B0411AB939C400D64C04 /* Supporting Files */ = {
			isa = PBXGroup;
			children = (
				CE62B0421AB939C400D64C04 /* Info.plist */,
			);
			name = "Supporting Files";
			sourceTree = "<group>";
		};
		CE62B04D1AB93A4500D64C04 /* Views */ = {
			isa = PBXGroup;
			children = (
				CE62B0311AB939C400D64C04 /* Main.storyboard */,
				CE62B0361AB939C400D64C04 /* LaunchScreen.xib */,
			);
			name = Views;
			sourceTree = "<group>";
		};
		CE62B0521AB93CFE00D64C04 /* Controllers */ = {
			isa = PBXGroup;
			children = (
				CE62B02D1AB939C400D64C04 /* AppDelegate.swift */,
				CE62B02F1AB939C400D64C04 /* ViewController.swift */,
			);
			name = Controllers;
			sourceTree = "<group>";
		};
		CE8FCA051AB9445D003DA0DE /* Models */ = {
			isa = PBXGroup;
			children = (
				CE8FCA061AB94464003DA0DE /* API */,
			);
			name = Models;
			sourceTree = "<group>";
		};
		CE8FCA061AB94464003DA0DE /* API */ = {
			isa = PBXGroup;
			children = (
				CE0BF7251AB945DF006689F0 /* AuthenticationManager.swift */,
			);
			name = API;
			sourceTree = "<group>";
		};
/* End PBXGroup section */

/* Begin PBXNativeTarget section */
		CE62B0271AB939C400D64C04 /* clinicadelvalle */ = {
			isa = PBXNativeTarget;
			buildConfigurationList = CE62B0471AB939C400D64C04 /* Build configuration list for PBXNativeTarget "clinicadelvalle" */;
			buildPhases = (
				4FB8A77DB479B72D26CAA268 /* Check Pods Manifest.lock */,
				CE62B0241AB939C400D64C04 /* Sources */,
				CE62B0251AB939C400D64C04 /* Frameworks */,
				CE62B0261AB939C400D64C04 /* Resources */,
				4AD134547E0CD05A348ADE18 /* Embed Pods Frameworks */,
				89691DDA8862A34288D9FCC3 /* Copy Pods Resources */,
			);
			buildRules = (
			);
			dependencies = (
			);
			name = clinicadelvalle;
			productName = clinicadelvalle;
			productReference = CE62B0281AB939C400D64C04 /* clinicadelvalle.app */;
			productType = "com.apple.product-type.application";
		};
		CE62B03C1AB939C400D64C04 /* clinicadelvalleTests */ = {
			isa = PBXNativeTarget;
			buildConfigurationList = CE62B04A1AB939C400D64C04 /* Build configuration list for PBXNativeTarget "clinicadelvalleTests" */;
			buildPhases = (
				CE62B0391AB939C400D64C04 /* Sources */,
				CE62B03A1AB939C400D64C04 /* Frameworks */,
				CE62B03B1AB939C400D64C04 /* Resources */,
			);
			buildRules = (
			);
			dependencies = (
				CE62B03F1AB939C400D64C04 /* PBXTargetDependency */,
			);
			name = clinicadelvalleTests;
			productName = clinicadelvalleTests;
			productReference = CE62B03D1AB939C400D64C04 /* clinicadelvalleTests.xctest */;
			productType = "com.apple.product-type.bundle.unit-test";
		};
/* End PBXNativeTarget section */

/* Begin PBXProject section */
		CE62B0201AB939C400D64C04 /* Project object */ = {
			isa = PBXProject;
			attributes = {
				LastUpgradeCheck = 0630;
				ORGANIZATIONNAME = "Juan del Valle Ruiz";
				TargetAttributes = {
					CE62B0271AB939C400D64C04 = {
						CreatedOnToolsVersion = 6.3;
					};
					CE62B03C1AB939C400D64C04 = {
						CreatedOnToolsVersion = 6.3;
						TestTargetID = CE62B0271AB939C400D64C04;
					};
				};
			};
			buildConfigurationList = CE62B0231AB939C400D64C04 /* Build configuration list for PBXProject "clinicadelvalle" */;
			compatibilityVersion = "Xcode 3.2";
			developmentRegion = English;
			hasScannedForEncodings = 0;
			knownRegions = (
				en,
				Base,
			);
			mainGroup = CE62B01F1AB939C400D64C04;
			productRefGroup = CE62B0291AB939C400D64C04 /* Products */;
			projectDirPath = "";
			projectRoot = "";
			targets = (
				CE62B0271AB939C400D64C04 /* clinicadelvalle */,
				CE62B03C1AB939C400D64C04 /* clinicadelvalleTests */,
			);
		};
/* End PBXProject section */

/* Begin PBXResourcesBuildPhase section */
		CE62B0261AB939C400D64C04 /* Resources */ = {
			isa = PBXResourcesBuildPhase;
			buildActionMask = 2147483647;
			files = (
				CE62B0331AB939C400D64C04 /* Main.storyboard in Resources */,
				CE62B0381AB939C400D64C04 /* LaunchScreen.xib in Resources */,
				CE62B0351AB939C400D64C04 /* Images.xcassets in Resources */,
			);
			runOnlyForDeploymentPostprocessing = 0;
		};
		CE62B03B1AB939C400D64C04 /* Resources */ = {
			isa = PBXResourcesBuildPhase;
			buildActionMask = 2147483647;
			files = (
			);
			runOnlyForDeploymentPostprocessing = 0;
		};
/* End PBXResourcesBuildPhase section */

/* Begin PBXShellScriptBuildPhase section */
		4AD134547E0CD05A348ADE18 /* Embed Pods Frameworks */ = {
			isa = PBXShellScriptBuildPhase;
			buildActionMask = 2147483647;
			files = (
			);
			inputPaths = (
			);
			name = "Embed Pods Frameworks";
			outputPaths = (
			);
			runOnlyForDeploymentPostprocessing = 0;
			shellPath = /bin/sh;
			shellScript = "\"${SRCROOT}/Pods/Target Support Files/Pods-clinicadelvalle/Pods-clinicadelvalle-frameworks.sh\"\n";
			showEnvVarsInLog = 0;
		};
		4FB8A77DB479B72D26CAA268 /* Check Pods Manifest.lock */ = {
			isa = PBXShellScriptBuildPhase;
			buildActionMask = 2147483647;
			files = (
			);
			inputPaths = (
			);
			name = "Check Pods Manifest.lock";
			outputPaths = (
			);
			runOnlyForDeploymentPostprocessing = 0;
			shellPath = /bin/sh;
			shellScript = "diff \"${PODS_ROOT}/../Podfile.lock\" \"${PODS_ROOT}/Manifest.lock\" > /dev/null\nif [[ $? != 0 ]] ; then\n    cat << EOM\nerror: The sandbox is not in sync with the Podfile.lock. Run 'pod install' or update your CocoaPods installation.\nEOM\n    exit 1\nfi\n";
			showEnvVarsInLog = 0;
		};
		89691DDA8862A34288D9FCC3 /* Copy Pods Resources */ = {
			isa = PBXShellScriptBuildPhase;
			buildActionMask = 2147483647;
			files = (
			);
			inputPaths = (
			);
			name = "Copy Pods Resources";
			outputPaths = (
			);
			runOnlyForDeploymentPostprocessing = 0;
			shellPath = /bin/sh;
			shellScript = "\"${SRCROOT}/Pods/Target Support Files/Pods-clinicadelvalle/Pods-clinicadelvalle-resources.sh\"\n";
			showEnvVarsInLog = 0;
		};
/* End PBXShellScriptBuildPhase section */

/* Begin PBXSourcesBuildPhase section */
		CE62B0241AB939C400D64C04 /* Sources */ = {
			isa = PBXSourcesBuildPhase;
			buildActionMask = 2147483647;
			files = (
				CE62B0301AB939C400D64C04 /* ViewController.swift in Sources */,
				CE62B0541AB93D4500D64C04 /* GlobalConstants.swift in Sources */,
				CE0BF7261AB945DF006689F0 /* AuthenticationManager.swift in Sources */,
				CE62B02E1AB939C400D64C04 /* AppDelegate.swift in Sources */,
			);
			runOnlyForDeploymentPostprocessing = 0;
		};
		CE62B0391AB939C400D64C04 /* Sources */ = {
			isa = PBXSourcesBuildPhase;
			buildActionMask = 2147483647;
			files = (
				CE62B0441AB939C400D64C04 /* clinicadelvalleTests.swift in Sources */,
			);
			runOnlyForDeploymentPostprocessing = 0;
		};
/* End PBXSourcesBuildPhase section */

/* Begin PBXTargetDependency section */
		CE62B03F1AB939C400D64C04 /* PBXTargetDependency */ = {
			isa = PBXTargetDependency;
			target = CE62B0271AB939C400D64C04 /* clinicadelvalle */;
			targetProxy = CE62B03E1AB939C400D64C04 /* PBXContainerItemProxy */;
		};
/* End PBXTargetDependency section */

/* Begin PBXVariantGroup section */
		CE62B0311AB939C400D64C04 /* Main.storyboard */ = {
			isa = PBXVariantGroup;
			children = (
				CE62B0321AB939C400D64C04 /* Base */,
			);
			name = Main.storyboard;
			sourceTree = "<group>";
		};
		CE62B0361AB939C400D64C04 /* LaunchScreen.xib */ = {
			isa = PBXVariantGroup;
			children = (
				CE62B0371AB939C400D64C04 /* Base */,
			);
			name = LaunchScreen.xib;
			sourceTree = "<group>";
		};
/* End PBXVariantGroup section */

/* Begin XCBuildConfiguration section */
		CE62B0451AB939C400D64C04 /* Debug */ = {
			isa = XCBuildConfiguration;
			buildSettings = {
				ALWAYS_SEARCH_USER_PATHS = NO;
				CLANG_CXX_LANGUAGE_STANDARD = "gnu++0x";
				CLANG_CXX_LIBRARY = "libc++";
				CLANG_ENABLE_MODULES = YES;
				CLANG_ENABLE_OBJC_ARC = YES;
				CLANG_WARN_BOOL_CONVERSION = YES;
				CLANG_WARN_CONSTANT_CONVERSION = YES;
				CLANG_WARN_DIRECT_OBJC_ISA_USAGE = YES_ERROR;
				CLANG_WARN_EMPTY_BODY = YES;
				CLANG_WARN_ENUM_CONVERSION = YES;
				CLANG_WARN_INT_CONVERSION = YES;
				CLANG_WARN_OBJC_ROOT_CLASS = YES_ERROR;
				CLANG_WARN_UNREACHABLE_CODE = YES;
				CLANG_WARN__DUPLICATE_METHOD_MATCH = YES;
				"CODE_SIGN_IDENTITY[sdk=iphoneos*]" = "iPhone Developer";
				COPY_PHASE_STRIP = NO;
				DEBUG_INFORMATION_FORMAT = "dwarf-with-dsym";
				ENABLE_STRICT_OBJC_MSGSEND = YES;
				GCC_C_LANGUAGE_STANDARD = gnu99;
				GCC_DYNAMIC_NO_PIC = NO;
				GCC_NO_COMMON_BLOCKS = YES;
				GCC_OPTIMIZATION_LEVEL = 0;
				GCC_PREPROCESSOR_DEFINITIONS = (
					"DEBUG=1",
					"$(inherited)",
				);
				GCC_SYMBOLS_PRIVATE_EXTERN = NO;
				GCC_WARN_64_TO_32_BIT_CONVERSION = YES;
				GCC_WARN_ABOUT_RETURN_TYPE = YES_ERROR;
				GCC_WARN_UNDECLARED_SELECTOR = YES;
				GCC_WARN_UNINITIALIZED_AUTOS = YES_AGGRESSIVE;
				GCC_WARN_UNUSED_FUNCTION = YES;
				GCC_WARN_UNUSED_VARIABLE = YES;
				IPHONEOS_DEPLOYMENT_TARGET = 8.3;
				MTL_ENABLE_DEBUG_INFO = YES;
				ONLY_ACTIVE_ARCH = YES;
				SDKROOT = iphoneos;
				SWIFT_OPTIMIZATION_LEVEL = "-Onone";
			};
			name = Debug;
		};
		CE62B0461AB939C400D64C04 /* Release */ = {
			isa = XCBuildConfiguration;
			buildSettings = {
				ALWAYS_SEARCH_USER_PATHS = NO;
				CLANG_CXX_LANGUAGE_STANDARD = "gnu++0x";
				CLANG_CXX_LIBRARY = "libc++";
				CLANG_ENABLE_MODULES = YES;
				CLANG_ENABLE_OBJC_ARC = YES;
				CLANG_WARN_BOOL_CONVERSION = YES;
				CLANG_WARN_CONSTANT_CONVERSION = YES;
				CLANG_WARN_DIRECT_OBJC_ISA_USAGE = YES_ERROR;
				CLANG_WARN_EMPTY_BODY = YES;
				CLANG_WARN_ENUM_CONVERSION = YES;
				CLANG_WARN_INT_CONVERSION = YES;
				CLANG_WARN_OBJC_ROOT_CLASS = YES_ERROR;
				CLANG_WARN_UNREACHABLE_CODE = YES;
				CLANG_WARN__DUPLICATE_METHOD_MATCH = YES;
				"CODE_SIGN_IDENTITY[sdk=iphoneos*]" = "iPhone Developer";
				COPY_PHASE_STRIP = NO;
				DEBUG_INFORMATION_FORMAT = "dwarf-with-dsym";
				ENABLE_NS_ASSERTIONS = NO;
				ENABLE_STRICT_OBJC_MSGSEND = YES;
				GCC_C_LANGUAGE_STANDARD = gnu99;
				GCC_NO_COMMON_BLOCKS = YES;
				GCC_WARN_64_TO_32_BIT_CONVERSION = YES;
				GCC_WARN_ABOUT_RETURN_TYPE = YES_ERROR;
				GCC_WARN_UNDECLARED_SELECTOR = YES;
				GCC_WARN_UNINITIALIZED_AUTOS = YES_AGGRESSIVE;
				GCC_WARN_UNUSED_FUNCTION = YES;
				GCC_WARN_UNUSED_VARIABLE = YES;
				IPHONEOS_DEPLOYMENT_TARGET = 8.3;
				MTL_ENABLE_DEBUG_INFO = NO;
				SDKROOT = iphoneos;
				VALIDATE_PRODUCT = YES;
			};
			name = Release;
		};
		CE62B0481AB939C400D64C04 /* Debug */ = {
			isa = XCBuildConfiguration;
			baseConfigurationReference = E5946075E0705DCDF633FE3A /* Pods-clinicadelvalle.debug.xcconfig */;
			buildSettings = {
				ASSETCATALOG_COMPILER_APPICON_NAME = AppIcon;
				INFOPLIST_FILE = clinicadelvalle/Info.plist;
				LD_RUNPATH_SEARCH_PATHS = "$(inherited) @executable_path/Frameworks";
				PRODUCT_NAME = "$(TARGET_NAME)";
			};
			name = Debug;
		};
		CE62B0491AB939C400D64C04 /* Release */ = {
			isa = XCBuildConfiguration;
			baseConfigurationReference = D551F7248A3B119DB0913235 /* Pods-clinicadelvalle.release.xcconfig */;
			buildSettings = {
				ASSETCATALOG_COMPILER_APPICON_NAME = AppIcon;
				INFOPLIST_FILE = clinicadelvalle/Info.plist;
				LD_RUNPATH_SEARCH_PATHS = "$(inherited) @executable_path/Frameworks";
				PRODUCT_NAME = "$(TARGET_NAME)";
			};
			name = Release;
		};
		CE62B04B1AB939C400D64C04 /* Debug */ = {
			isa = XCBuildConfiguration;
			buildSettings = {
				BUNDLE_LOADER = "$(TEST_HOST)";
				FRAMEWORK_SEARCH_PATHS = (
					"$(SDKROOT)/Developer/Library/Frameworks",
					"$(inherited)",
				);
				GCC_PREPROCESSOR_DEFINITIONS = (
					"DEBUG=1",
					"$(inherited)",
				);
				INFOPLIST_FILE = clinicadelvalleTests/Info.plist;
				LD_RUNPATH_SEARCH_PATHS = "$(inherited) @executable_path/Frameworks @loader_path/Frameworks";
				PRODUCT_NAME = "$(TARGET_NAME)";
				TEST_HOST = "$(BUILT_PRODUCTS_DIR)/clinicadelvalle.app/clinicadelvalle";
			};
			name = Debug;
		};
		CE62B04C1AB939C400D64C04 /* Release */ = {
			isa = XCBuildConfiguration;
			buildSettings = {
				BUNDLE_LOADER = "$(TEST_HOST)";
				FRAMEWORK_SEARCH_PATHS = (
					"$(SDKROOT)/Developer/Library/Frameworks",
					"$(inherited)",
				);
				INFOPLIST_FILE = clinicadelvalleTests/Info.plist;
				LD_RUNPATH_SEARCH_PATHS = "$(inherited) @executable_path/Frameworks @loader_path/Frameworks";
				PRODUCT_NAME = "$(TARGET_NAME)";
				TEST_HOST = "$(BUILT_PRODUCTS_DIR)/clinicadelvalle.app/clinicadelvalle";
			};
			name = Release;
		};
/* End XCBuildConfiguration section */

/* Begin XCConfigurationList section */
		CE62B0231AB939C400D64C04 /* Build configuration list for PBXProject "clinicadelvalle" */ = {
			isa = XCConfigurationList;
			buildConfigurations = (
				CE62B0451AB939C400D64C04 /* Debug */,
				CE62B0461AB939C400D64C04 /* Release */,
			);
			defaultConfigurationIsVisible = 0;
			defaultConfigurationName = Release;
		};
		CE62B0471AB939C400D64C04 /* Build configuration list for PBXNativeTarget "clinicadelvalle" */ = {
			isa = XCConfigurationList;
			buildConfigurations = (
				CE62B0481AB939C400D64C04 /* Debug */,
				CE62B0491AB939C400D64C04 /* Release */,
			);
			defaultConfigurationIsVisible = 0;
			defaultConfigurationName = Release;
		};
		CE62B04A1AB939C400D64C04 /* Build configuration list for PBXNativeTarget "clinicadelvalleTests" */ = {
			isa = XCConfigurationList;
			buildConfigurations = (
				CE62B04B1AB939C400D64C04 /* Debug */,
				CE62B04C1AB939C400D64C04 /* Release */,
			);
			defaultConfigurationIsVisible = 0;
			defaultConfigurationName = Release;
		};
/* End XCConfigurationList section */
	};
	rootObject = CE62B0201AB939C400D64C04 /* Project object */;
}
